
Microsoft Visual Studio Solution File, Format Version 12.00
# Visual Studio Version 16
VisualStudioVersion = 16.0.34729.46
MinimumVisualStudioVersion = 10.0.40219.1
Project("{FAE04EC0-301F-11D3-BF4B-00C04F79EFBC}") = "WebProject", "WebProject\WebProject.csproj", "{0C835731-9B17-4A36-8977-3DCF5B806F96}"
EndProject
Global
	GlobalSection(SolutionConfigurationPlatforms) = preSolution
		Debug|Any CPU = Debug|Any CPU
		Release|Any CPU = Release|Any CPU
	EndGlobalSection
	GlobalSection(ProjectConfigurationPlatforms) = postSolution
		{0C835731-9B17-4A36-8977-3DCF5B806F96}.Debug|Any CPU.ActiveCfg = Debug|Any CPU
		{0C835731-9B17-4A36-8977-3DCF5B806F96}.Debug|Any CPU.Build.0 = Debug|Any CPU
		{0C835731-9B17-4A36-8977-3DCF5B806F96}.Release|Any CPU.ActiveCfg = Release|Any CPU
		{0C835731-9B17-4A36-8977-3DCF5B806F96}.Release|Any CPU.Build.0 = Release|Any CPU
	EndGlobalSection
	GlobalSection(SolutionProperties) = preSolution
		HideSolutionNode = FALSE
	EndGlobalSection
	GlobalSection(ExtensibilityGlobals) = postSolution
		SolutionGuid = {7FA0A213-9D8E-4D90-8EEA-BDCFA9ED99E3}
	EndGlobalSection
EndGlobal
